
Microsoft Visual Studio Solution File, Format Version 12.00
# Visual Studio Version 16
VisualStudioVersion = 16.0.29424.173
MinimumVisualStudioVersion = 10.0.40219.1
Project("{9A19103F-16F7-4668-BE54-9A1E7A4F7556}") = "IronMeta.Library", "Source\IronMeta.Library\IronMeta.Library.csproj", "{B4A3F184-5751-4EF9-AC5E-A326753CB14E}"
EndProject
Project("{9A19103F-16F7-4668-BE54-9A1E7A4F7556}") = "IronMeta.Tests", "Source\IronMeta.Tests\IronMeta.Tests.csproj", "{23BA97AC-D864-4D70-A2BD-D564A5ADA325}"
EndProject
Project("{9A19103F-16F7-4668-BE54-9A1E7A4F7556}") = "IronMeta.App", "Source\IronMeta.App\IronMeta.App.csproj", "{CA44EA8F-27C5-40AA-94B8-D61FE9C4574C}"
EndProject
Project("{9A19103F-16F7-4668-BE54-9A1E7A4F7556}") = "Calc", "Samples\Calc\Calc.csproj", "{9FFE9F3E-712A-4076-9F70-A1A03D3BB820}"
EndProject
Project("{FAE04EC0-301F-11D3-BF4B-00C04F79EFBC}") = "IronMeta.VSExtension", "Tools\IronMeta.VSExtension\IronMeta.VSExtension.csproj", "{1522FF5D-1356-45F4-BED6-D653DEE0AFC8}"
EndProject
Project("{2150E333-8FDC-42A3-9474-1A3956D46DE8}") = "Solution Items", "Solution Items", "{977A88E9-26EF-4882-BFEC-CFCA89F8F8E8}"
	ProjectSection(SolutionItems) = preProject
		.gitignore = .gitignore
		CHANGELOG.md = CHANGELOG.md
		License.txt = License.txt
		README.md = README.md
	EndProjectSection
EndProject
Project("{2150E333-8FDC-42A3-9474-1A3956D46DE8}") = "workflows", "workflows", "{C06CFD1E-00C7-4181-A332-2306CB5559A7}"
	ProjectSection(SolutionItems) = preProject
		.github\workflows\ci.yml = .github\workflows\ci.yml
		.github\workflows\release.yml = .github\workflows\release.yml
	EndProjectSection
EndProject
Global
	GlobalSection(SolutionConfigurationPlatforms) = preSolution
		Debug|Any CPU = Debug|Any CPU
		Release|Any CPU = Release|Any CPU
	EndGlobalSection
	GlobalSection(ProjectConfigurationPlatforms) = postSolution
		{B4A3F184-5751-4EF9-AC5E-A326753CB14E}.Debug|Any CPU.ActiveCfg = Debug|Any CPU
		{B4A3F184-5751-4EF9-AC5E-A326753CB14E}.Debug|Any CPU.Build.0 = Debug|Any CPU
		{B4A3F184-5751-4EF9-AC5E-A326753CB14E}.Release|Any CPU.ActiveCfg = Release|Any CPU
		{B4A3F184-5751-4EF9-AC5E-A326753CB14E}.Release|Any CPU.Build.0 = Release|Any CPU
		{23BA97AC-D864-4D70-A2BD-D564A5ADA325}.Debug|Any CPU.ActiveCfg = Debug|Any CPU
		{23BA97AC-D864-4D70-A2BD-D564A5ADA325}.Debug|Any CPU.Build.0 = Debug|Any CPU
		{23BA97AC-D864-4D70-A2BD-D564A5ADA325}.Release|Any CPU.ActiveCfg = Release|Any CPU
		{23BA97AC-D864-4D70-A2BD-D564A5ADA325}.Release|Any CPU.Build.0 = Release|Any CPU
		{CA44EA8F-27C5-40AA-94B8-D61FE9C4574C}.Debug|Any CPU.ActiveCfg = Debug|Any CPU
		{CA44EA8F-27C5-40AA-94B8-D61FE9C4574C}.Debug|Any CPU.Build.0 = Debug|Any CPU
		{CA44EA8F-27C5-40AA-94B8-D61FE9C4574C}.Release|Any CPU.ActiveCfg = Release|Any CPU
		{CA44EA8F-27C5-40AA-94B8-D61FE9C4574C}.Release|Any CPU.Build.0 = Release|Any CPU
		{9FFE9F3E-712A-4076-9F70-A1A03D3BB820}.Debug|Any CPU.ActiveCfg = Debug|Any CPU
		{9FFE9F3E-712A-4076-9F70-A1A03D3BB820}.Debug|Any CPU.Build.0 = Debug|Any CPU
		{9FFE9F3E-712A-4076-9F70-A1A03D3BB820}.Release|Any CPU.ActiveCfg = Release|Any CPU
		{9FFE9F3E-712A-4076-9F70-A1A03D3BB820}.Release|Any CPU.Build.0 = Release|Any CPU
		{1522FF5D-1356-45F4-BED6-D653DEE0AFC8}.Debug|Any CPU.ActiveCfg = Debug|Any CPU
		{1522FF5D-1356-45F4-BED6-D653DEE0AFC8}.Release|Any CPU.ActiveCfg = Release|Any CPU
	EndGlobalSection
	GlobalSection(SolutionProperties) = preSolution
		HideSolutionNode = FALSE
	EndGlobalSection
	GlobalSection(NestedProjects) = preSolution
		{C06CFD1E-00C7-4181-A332-2306CB5559A7} = {977A88E9-26EF-4882-BFEC-CFCA89F8F8E8}
	EndGlobalSection
	GlobalSection(ExtensibilityGlobals) = postSolution
		SolutionGuid = {D4094F1F-EB10-4B13-9466-140AF24AD50F}
	EndGlobalSection
EndGlobal
