
Microsoft Visual Studio Solution File, Format Version 12.00
# Visual Studio 2012
Project("{FAE04EC0-301F-11D3-BF4B-00C04F79EFBC}") = "IronMeta.Matcher.Mono", "Matcher\IronMeta.Matcher.Mono.csproj", "{EF704069-517A-48A5-9AF2-1B257544D358}"
EndProject
Project("{FAE04EC0-301F-11D3-BF4B-00C04F79EFBC}") = "IronMeta.Generator.Mono", "Generator\IronMeta.Generator.Mono.csproj", "{6767D6B1-E18E-4778-8E4F-8870B881ECF1}"
EndProject
Project("{FAE04EC0-301F-11D3-BF4B-00C04F79EFBC}") = "IronMeta.Mono", "IronMeta\IronMeta.Mono.csproj", "{6EB07DF5-34E1-4769-A1E3-2027C68B9234}"
EndProject
Project("{FAE04EC0-301F-11D3-BF4B-00C04F79EFBC}") = "Calc.Mono", "Samples\Calc\Calc.Mono.csproj", "{0219B7F1-7E4F-4FE0-A0B4-35ED1CC6E3C0}"
EndProject
Project("{FAE04EC0-301F-11D3-BF4B-00C04F79EFBC}") = "IronMeta.Tests.Mono", "Tests\IronMeta.Tests.Mono.csproj", "{DCA1CEE3-9947-4777-A251-2BB0773DA0E8}"
EndProject
Global
	GlobalSection(SolutionConfigurationPlatforms) = preSolution
		Debug|Any CPU = Debug|Any CPU
		Release|Any CPU = Release|Any CPU
	EndGlobalSection
	GlobalSection(ProjectConfigurationPlatforms) = postSolution
		{0219B7F1-7E4F-4FE0-A0B4-35ED1CC6E3C0}.Debug|Any CPU.ActiveCfg = Debug|Any CPU
		{0219B7F1-7E4F-4FE0-A0B4-35ED1CC6E3C0}.Debug|Any CPU.Build.0 = Debug|Any CPU
		{0219B7F1-7E4F-4FE0-A0B4-35ED1CC6E3C0}.Release|Any CPU.ActiveCfg = Release|Any CPU
		{0219B7F1-7E4F-4FE0-A0B4-35ED1CC6E3C0}.Release|Any CPU.Build.0 = Release|Any CPU
		{6767D6B1-E18E-4778-8E4F-8870B881ECF1}.Debug|Any CPU.ActiveCfg = Debug|Any CPU
		{6767D6B1-E18E-4778-8E4F-8870B881ECF1}.Debug|Any CPU.Build.0 = Debug|Any CPU
		{6767D6B1-E18E-4778-8E4F-8870B881ECF1}.Release|Any CPU.ActiveCfg = Release|Any CPU
		{6767D6B1-E18E-4778-8E4F-8870B881ECF1}.Release|Any CPU.Build.0 = Release|Any CPU
		{6EB07DF5-34E1-4769-A1E3-2027C68B9234}.Debug|Any CPU.ActiveCfg = Debug|Any CPU
		{6EB07DF5-34E1-4769-A1E3-2027C68B9234}.Debug|Any CPU.Build.0 = Debug|Any CPU
		{6EB07DF5-34E1-4769-A1E3-2027C68B9234}.Release|Any CPU.ActiveCfg = Release|Any CPU
		{6EB07DF5-34E1-4769-A1E3-2027C68B9234}.Release|Any CPU.Build.0 = Release|Any CPU
		{DCA1CEE3-9947-4777-A251-2BB0773DA0E8}.Debug|Any CPU.ActiveCfg = Debug|Any CPU
		{DCA1CEE3-9947-4777-A251-2BB0773DA0E8}.Debug|Any CPU.Build.0 = Debug|Any CPU
		{DCA1CEE3-9947-4777-A251-2BB0773DA0E8}.Release|Any CPU.ActiveCfg = Release|Any CPU
		{DCA1CEE3-9947-4777-A251-2BB0773DA0E8}.Release|Any CPU.Build.0 = Release|Any CPU
		{EF704069-517A-48A5-9AF2-1B257544D358}.Debug|Any CPU.ActiveCfg = Debug|Any CPU
		{EF704069-517A-48A5-9AF2-1B257544D358}.Debug|Any CPU.Build.0 = Debug|Any CPU
		{EF704069-517A-48A5-9AF2-1B257544D358}.Release|Any CPU.ActiveCfg = Release|Any CPU
		{EF704069-517A-48A5-9AF2-1B257544D358}.Release|Any CPU.Build.0 = Release|Any CPU
	EndGlobalSection
	GlobalSection(MonoDevelopProperties) = preSolution
		StartupItem = Tests\IronMeta.Tests.Mono.csproj
	EndGlobalSection
	GlobalSection(SolutionProperties) = preSolution
		HideSolutionNode = FALSE
	EndGlobalSection
EndGlobal
